
Microsoft Visual Studio Solution File, Format Version 12.00
# Visual Studio Version 16
VisualStudioVersion = 16.0.31729.503
MinimumVisualStudioVersion = 10.0.40219.1
Project("{FAE04EC0-301F-11D3-BF4B-00C04F79EFBC}") = "P2P", "P2P\P2P.csproj", "{270A7D15-8480-4DF7-AD57-3D8C02A7FCEC}"
EndProject
Global
	GlobalSection(SolutionConfigurationPlatforms) = preSolution
		Debug|Any CPU = Debug|Any CPU
		Release|Any CPU = Release|Any CPU
	EndGlobalSection
	GlobalSection(ProjectConfigurationPlatforms) = postSolution
		{270A7D15-8480-4DF7-AD57-3D8C02A7FCEC}.Debug|Any CPU.ActiveCfg = Debug|Any CPU
		{270A7D15-8480-4DF7-AD57-3D8C02A7FCEC}.Debug|Any CPU.Build.0 = Debug|Any CPU
		{270A7D15-8480-4DF7-AD57-3D8C02A7FCEC}.Release|Any CPU.ActiveCfg = Release|Any CPU
		{270A7D15-8480-4DF7-AD57-3D8C02A7FCEC}.Release|Any CPU.Build.0 = Release|Any CPU
	EndGlobalSection
	GlobalSection(SolutionProperties) = preSolution
		HideSolutionNode = FALSE
	EndGlobalSection
	GlobalSection(ExtensibilityGlobals) = postSolution
		SolutionGuid = {27AB5545-251A-4A95-8493-1501C778547C}
	EndGlobalSection
EndGlobal
